<?xml version="1.0" encoding="UTF-8" standalone="yes" ?>
<CodeBlocks_project_file>
	<FileVersion major="1" minor="6" />
	<Project>
		<Option title="MAKE_CAVES" />
		<Option platforms="Unix;" />
		<Option pch_mode="2" />
		<Option compiler="gcc" />
		<Build>
			<Target title="Release">
				<Option platforms="Unix;" />
				<Option output="../make_caves" prefix_auto="1" extension_auto="1" />
				<Option working_dir=".." />
				<Option object_output="obj" />
				<Option type="1" />
				<Option compiler="gcc" />
				<Option use_console_runner="0" />
				<Option parameters="holland fast" />
				<Option projectCompilerOptionsRelation="0" />
				<Option projectLinkerOptionsRelation="0" />
				<Compiler>
					<Add option="-O3" />
					<Add option="-w" />
					<Add option="-std=c++17" />
					<Add option="-m64" />
					<Add option="-U__STRICT_ANSI__" />
					<Add option="-DSFML_STATIC" />
				</Compiler>
				<Linker>
					<Add option="-s" />
					<Add option="-static-libstdc++" />
					<Add option="-static-libgcc" />
					<Add option="-static" />
					<Add option="-m64" />
					<Add option="-Wl,-u,vfscanf -lscanf_flt -lm" />
				</Linker>
			</Target>
			<Target title="Debug">
				<Option platforms="Unix;" />
				<Option output="../make_caves_debug" prefix_auto="1" extension_auto="1" />
				<Option working_dir=".." />
				<Option object_output="obj/debug/" />
				<Option type="1" />
				<Option compiler="gcc" />
				<Option use_console_runner="0" />
				<Option projectLinkerOptionsRelation="0" />
				<Compiler>
					<Add option="-march=corei7" />
					<Add option="-w" />
					<Add option="-std=c++14" />
					<Add option="-m64" />
					<Add option="-g" />
					<Add option="-DSFML_STATIC" />
				</Compiler>
				<Linker>
					<Add option="-static-libstdc++" />
					<Add option="-static-libgcc" />
					<Add option="-static" />
					<Add option="-m64" />
					<Add option="-Wl,-u,vfscanf -lscanf_flt -lm" />
				</Linker>
			</Target>
		</Build>
		<Compiler>
			<Add option="-O3" />
			<Add option="-w" />
			<Add option="-std=c++17" />
			<Add option="-m64" />
			<Add directory="include" />
			<Add directory="include/SFML" />
		</Compiler>
		<Linker>
			<Add option="-s" />
			<Add option="-m64" />
			<Add library="sfml-graphics" />
			<Add library="sfml-window" />
			<Add library="sfml-audio" />
			<Add library="sfml-system" />
			<Add library="sfml-network" />
			<Add library="z" />
			<Add library="X11" />
			<Add library="glut" />
			<Add library="GLU" />
			<Add library="GL" />
			<Add directory="lib" />
		</Linker>
		<Unit filename="../shaders/caves.frag" />
		<Unit filename="../shaders/caves_backup.frag" />
		<Unit filename="../shaders/metaballs2.frag" />
		<Unit filename="../shaders/test.frag" />
		<Unit filename="MCEditor/BlockEntity.h" />
		<Unit filename="MCEditor/MCACoder.cpp" />
		<Unit filename="MCEditor/MCACoder.h" />
		<Unit filename="MCEditor/MCEditor.cpp" />
		<Unit filename="MCEditor/MCEditor.h" />
		<Unit filename="MCEditor/NBTCoder.cpp" />
		<Unit filename="MCEditor/NBTCoder.h" />
		<Unit filename="MCEditor/globals.cpp" />
		<Unit filename="MCEditor/globals.h" />
		<Unit filename="functions.cpp" />
		<Unit filename="functions.hpp" />
		<Unit filename="main.cpp" />
		<Unit filename="make_caves.cpp" />
		<Unit filename="make_caves_simple.cpp" />
		<Unit filename="repack2.cpp" />
		<Unit filename="shaders.cpp" />
		<Unit filename="shaders.hpp" />
		<Extensions>
			<lib_finder disable_auto="1" />
		</Extensions>
	</Project>
</CodeBlocks_project_file>
